// !$*UTF8*$!
{
	archiveVersion = 1;
	classes = {
	};
	objectVersion = 56;
	objects = {

/* Begin PBXBuildFile section */
		154F87BC29C9B1E6000DB84F /* HunchMealApp.swift in Sources */ = {isa = PBXBuildFile; fileRef = 154F87BB29C9B1E6000DB84F /* HunchMealApp.swift */; };
		154F87BE29C9B1E6000DB84F /* ContentView.swift in Sources */ = {isa = PBXBuildFile; fileRef = 154F87BD29C9B1E6000DB84F /* ContentView.swift */; };
		154F87C029C9B1E6000DB84F /* Assets.xcassets in Resources */ = {isa = PBXBuildFile; fileRef = 154F87BF29C9B1E6000DB84F /* Assets.xcassets */; };
		154F87C329C9B1E6000DB84F /* Preview Assets.xcassets in Resources */ = {isa = PBXBuildFile; fileRef = 154F87C229C9B1E6000DB84F /* Preview Assets.xcassets */; };
		154F87C529C9B1E6000DB84F /* Persistence.swift in Sources */ = {isa = PBXBuildFile; fileRef = 154F87C429C9B1E6000DB84F /* Persistence.swift */; };
		154F87C829C9B1E6000DB84F /* HunchMeal.xcdatamodeld in Sources */ = {isa = PBXBuildFile; fileRef = 154F87C629C9B1E6000DB84F /* HunchMeal.xcdatamodeld */; };
		154F87D329C9B1E6000DB84F /* HunchMealTests.swift in Sources */ = {isa = PBXBuildFile; fileRef = 154F87D229C9B1E6000DB84F /* HunchMealTests.swift */; };
		154F87DD29C9B1E6000DB84F /* HunchMealUITests.swift in Sources */ = {isa = PBXBuildFile; fileRef = 154F87DC29C9B1E6000DB84F /* HunchMealUITests.swift */; };
		154F87DF29C9B1E6000DB84F /* HunchMealUITestsLaunchTests.swift in Sources */ = {isa = PBXBuildFile; fileRef = 154F87DE29C9B1E6000DB84F /* HunchMealUITestsLaunchTests.swift */; };
/* End PBXBuildFile section */

/* Begin PBXContainerItemProxy section */
		154F87CF29C9B1E6000DB84F /* PBXContainerItemProxy */ = {
			isa = PBXContainerItemProxy;
			containerPortal = 154F87B029C9B1E6000DB84F /* Project object */;
			proxyType = 1;
			remoteGlobalIDString = 154F87B729C9B1E6000DB84F;
			remoteInfo = HunchMeal;
		};
		154F87D929C9B1E6000DB84F /* PBXContainerItemProxy */ = {
			isa = PBXContainerItemProxy;
			containerPortal = 154F87B029C9B1E6000DB84F /* Project object */;
			proxyType = 1;
			remoteGlobalIDString = 154F87B729C9B1E6000DB84F;
			remoteInfo = HunchMeal;
		};
/* End PBXContainerItemProxy section */

/* Begin PBXFileReference section */
		154F87B829C9B1E6000DB84F /* HunchMeal.app */ = {isa = PBXFileReference; explicitFileType = wrapper.application; includeInIndex = 0; path = HunchMeal.app; sourceTree = BUILT_PRODUCTS_DIR; };
		154F87BB29C9B1E6000DB84F /* HunchMealApp.swift */ = {isa = PBXFileReference; lastKnownFileType = sourcecode.swift; path = HunchMealApp.swift; sourceTree = "<group>"; };
		154F87BD29C9B1E6000DB84F /* ContentView.swift */ = {isa = PBXFileReference; lastKnownFileType = sourcecode.swift; path = ContentView.swift; sourceTree = "<group>"; };
		154F87BF29C9B1E6000DB84F /* Assets.xcassets */ = {isa = PBXFileReference; lastKnownFileType = folder.assetcatalog; path = Assets.xcassets; sourceTree = "<group>"; };
		154F87C229C9B1E6000DB84F /* Preview Assets.xcassets */ = {isa = PBXFileReference; lastKnownFileType = folder.assetcatalog; path = "Preview Assets.xcassets"; sourceTree = "<group>"; };
		154F87C429C9B1E6000DB84F /* Persistence.swift */ = {isa = PBXFileReference; lastKnownFileType = sourcecode.swift; path = Persistence.swift; sourceTree = "<group>"; };
		154F87C729C9B1E6000DB84F /* HunchMeal.xcdatamodel */ = {isa = PBXFileReference; lastKnownFileType = wrapper.xcdatamodel; path = HunchMeal.xcdatamodel; sourceTree = "<group>"; };
		154F87C929C9B1E6000DB84F /* Info.plist */ = {isa = PBXFileReference; lastKnownFileType = text.plist.xml; path = Info.plist; sourceTree = "<group>"; };
		154F87CE29C9B1E6000DB84F /* HunchMealTests.xctest */ = {isa = PBXFileReference; explicitFileType = wrapper.cfbundle; includeInIndex = 0; path = HunchMealTests.xctest; sourceTree = BUILT_PRODUCTS_DIR; };
		154F87D229C9B1E6000DB84F /* HunchMealTests.swift */ = {isa = PBXFileReference; lastKnownFileType = sourcecode.swift; path = HunchMealTests.swift; sourceTree = "<group>"; };
		154F87D829C9B1E6000DB84F /* HunchMealUITests.xctest */ = {isa = PBXFileReference; explicitFileType = wrapper.cfbundle; includeInIndex = 0; path = HunchMealUITests.xctest; sourceTree = BUILT_PRODUCTS_DIR; };
		154F87DC29C9B1E6000DB84F /* HunchMealUITests.swift */ = {isa = PBXFileReference; lastKnownFileType = sourcecode.swift; path = HunchMealUITests.swift; sourceTree = "<group>"; };
		154F87DE29C9B1E6000DB84F /* HunchMealUITestsLaunchTests.swift */ = {isa = PBXFileReference; lastKnownFileType = sourcecode.swift; path = HunchMealUITestsLaunchTests.swift; sourceTree = "<group>"; };
/* End PBXFileReference section */

/* Begin PBXFrameworksBuildPhase section */
		154F87B529C9B1E6000DB84F /* Frameworks */ = {
			isa = PBXFrameworksBuildPhase;
			buildActionMask = 2147483647;
			files = (
			);
			runOnlyForDeploymentPostprocessing = 0;
		};
		154F87CB29C9B1E6000DB84F /* Frameworks */ = {
			isa = PBXFrameworksBuildPhase;
			buildActionMask = 2147483647;
			files = (
			);
			runOnlyForDeploymentPostprocessing = 0;
		};
		154F87D529C9B1E6000DB84F /* Frameworks */ = {
			isa = PBXFrameworksBuildPhase;
			buildActionMask = 2147483647;
			files = (
			);
			runOnlyForDeploymentPostprocessing = 0;
		};
/* End PBXFrameworksBuildPhase section */

/* Begin PBXGroup section */
		154F87AF29C9B1E6000DB84F = {
			isa = PBXGroup;
			children = (
				154F87BA29C9B1E6000DB84F /* HunchMeal */,
				154F87D129C9B1E6000DB84F /* HunchMealTests */,
				154F87DB29C9B1E6000DB84F /* HunchMealUITests */,
				154F87B929C9B1E6000DB84F /* Products */,
			);
			sourceTree = "<group>";
		};
		154F87B929C9B1E6000DB84F /* Products */ = {
			isa = PBXGroup;
			children = (
				154F87B829C9B1E6000DB84F /* HunchMeal.app */,
				154F87CE29C9B1E6000DB84F /* HunchMealTests.xctest */,
				154F87D829C9B1E6000DB84F /* HunchMealUITests.xctest */,
			);
			name = Products;
			sourceTree = "<group>";
		};
		154F87BA29C9B1E6000DB84F /* HunchMeal */ = {
			isa = PBXGroup;
			children = (
				154F87BB29C9B1E6000DB84F /* HunchMealApp.swift */,
				154F87BD29C9B1E6000DB84F /* ContentView.swift */,
				154F87BF29C9B1E6000DB84F /* Assets.xcassets */,
				154F87C429C9B1E6000DB84F /* Persistence.swift */,
				154F87C929C9B1E6000DB84F /* Info.plist */,
				154F87C629C9B1E6000DB84F /* HunchMeal.xcdatamodeld */,
				154F87C129C9B1E6000DB84F /* Preview Content */,
			);
			path = HunchMeal;
			sourceTree = "<group>";
		};
		154F87C129C9B1E6000DB84F /* Preview Content */ = {
			isa = PBXGroup;
			children = (
				154F87C229C9B1E6000DB84F /* Preview Assets.xcassets */,
			);
			path = "Preview Content";
			sourceTree = "<group>";
		};
		154F87D129C9B1E6000DB84F /* HunchMealTests */ = {
			isa = PBXGroup;
			children = (
				154F87D229C9B1E6000DB84F /* HunchMealTests.swift */,
			);
			path = HunchMealTests;
			sourceTree = "<group>";
		};
		154F87DB29C9B1E6000DB84F /* HunchMealUITests */ = {
			isa = PBXGroup;
			children = (
				154F87DC29C9B1E6000DB84F /* HunchMealUITests.swift */,
				154F87DE29C9B1E6000DB84F /* HunchMealUITestsLaunchTests.swift */,
			);
			path = HunchMealUITests;
			sourceTree = "<group>";
		};
/* End PBXGroup section */

/* Begin PBXNativeTarget section */
		154F87B729C9B1E6000DB84F /* HunchMeal */ = {
			isa = PBXNativeTarget;
			buildConfigurationList = 154F87E229C9B1E6000DB84F /* Build configuration list for PBXNativeTarget "HunchMeal" */;
			buildPhases = (
				154F87B429C9B1E6000DB84F /* Sources */,
				154F87B529C9B1E6000DB84F /* Frameworks */,
				154F87B629C9B1E6000DB84F /* Resources */,
			);
			buildRules = (
			);
			dependencies = (
			);
			name = HunchMeal;
			productName = HunchMeal;
			productReference = 154F87B829C9B1E6000DB84F /* HunchMeal.app */;
			productType = "com.apple.product-type.application";
		};
		154F87CD29C9B1E6000DB84F /* HunchMealTests */ = {
			isa = PBXNativeTarget;
			buildConfigurationList = 154F87E529C9B1E6000DB84F /* Build configuration list for PBXNativeTarget "HunchMealTests" */;
			buildPhases = (
				154F87CA29C9B1E6000DB84F /* Sources */,
				154F87CB29C9B1E6000DB84F /* Frameworks */,
				154F87CC29C9B1E6000DB84F /* Resources */,
			);
			buildRules = (
			);
			dependencies = (
				154F87D029C9B1E6000DB84F /* PBXTargetDependency */,
			);
			name = HunchMealTests;
			productName = HunchMealTests;
			productReference = 154F87CE29C9B1E6000DB84F /* HunchMealTests.xctest */;
			productType = "com.apple.product-type.bundle.unit-test";
		};
		154F87D729C9B1E6000DB84F /* HunchMealUITests */ = {
			isa = PBXNativeTarget;
			buildConfigurationList = 154F87E829C9B1E6000DB84F /* Build configuration list for PBXNativeTarget "HunchMealUITests" */;
			buildPhases = (
				154F87D429C9B1E6000DB84F /* Sources */,
				154F87D529C9B1E6000DB84F /* Frameworks */,
				154F87D629C9B1E6000DB84F /* Resources */,
			);
			buildRules = (
			);
			dependencies = (
				154F87DA29C9B1E6000DB84F /* PBXTargetDependency */,
			);
			name = HunchMealUITests;
			productName = HunchMealUITests;
			productReference = 154F87D829C9B1E6000DB84F /* HunchMealUITests.xctest */;
			productType = "com.apple.product-type.bundle.ui-testing";
		};
/* End PBXNativeTarget section */

/* Begin PBXProject section */
		154F87B029C9B1E6000DB84F /* Project object */ = {
			isa = PBXProject;
			attributes = {
				BuildIndependentTargetsInParallel = 1;
				LastSwiftUpdateCheck = 1420;
				LastUpgradeCheck = 1420;
				TargetAttributes = {
					154F87B729C9B1E6000DB84F = {
						CreatedOnToolsVersion = 14.2;
					};
					154F87CD29C9B1E6000DB84F = {
						CreatedOnToolsVersion = 14.2;
						TestTargetID = 154F87B729C9B1E6000DB84F;
					};
					154F87D729C9B1E6000DB84F = {
						CreatedOnToolsVersion = 14.2;
						TestTargetID = 154F87B729C9B1E6000DB84F;
					};
				};
			};
			buildConfigurationList = 154F87B329C9B1E6000DB84F /* Build configuration list for PBXProject "HunchMeal" */;
			compatibilityVersion = "Xcode 14.0";
			developmentRegion = en;
			hasScannedForEncodings = 0;
			knownRegions = (
				en,
				Base,
			);
			mainGroup = 154F87AF29C9B1E6000DB84F;
			productRefGroup = 154F87B929C9B1E6000DB84F /* Products */;
			projectDirPath = "";
			projectRoot = "";
			targets = (
				154F87B729C9B1E6000DB84F /* HunchMeal */,
				154F87CD29C9B1E6000DB84F /* HunchMealTests */,
				154F87D729C9B1E6000DB84F /* HunchMealUITests */,
			);
		};
/* End PBXProject section */

/* Begin PBXResourcesBuildPhase section */
		154F87B629C9B1E6000DB84F /* Resources */ = {
			isa = PBXResourcesBuildPhase;
			buildActionMask = 2147483647;
			files = (
				154F87C329C9B1E6000DB84F /* Preview Assets.xcassets in Resources */,
				154F87C029C9B1E6000DB84F /* Assets.xcassets in Resources */,
			);
			runOnlyForDeploymentPostprocessing = 0;
		};
		154F87CC29C9B1E6000DB84F /* Resources */ = {
			isa = PBXResourcesBuildPhase;
			buildActionMask = 2147483647;
			files = (
			);
			runOnlyForDeploymentPostprocessing = 0;
		};
		154F87D629C9B1E6000DB84F /* Resources */ = {
			isa = PBXResourcesBuildPhase;
			buildActionMask = 2147483647;
			files = (
			);
			runOnlyForDeploymentPostprocessing = 0;
		};
/* End PBXResourcesBuildPhase section */

/* Begin PBXSourcesBuildPhase section */
		154F87B429C9B1E6000DB84F /* Sources */ = {
			isa = PBXSourcesBuildPhase;
			buildActionMask = 2147483647;
			files = (
				154F87C529C9B1E6000DB84F /* Persistence.swift in Sources */,
				154F87BE29C9B1E6000DB84F /* ContentView.swift in Sources */,
				154F87BC29C9B1E6000DB84F /* HunchMealApp.swift in Sources */,
				154F87C829C9B1E6000DB84F /* HunchMeal.xcdatamodeld in Sources */,
			);
			runOnlyForDeploymentPostprocessing = 0;
		};
		154F87CA29C9B1E6000DB84F /* Sources */ = {
			isa = PBXSourcesBuildPhase;
			buildActionMask = 2147483647;
			files = (
				154F87D329C9B1E6000DB84F /* HunchMealTests.swift in Sources */,
			);
			runOnlyForDeploymentPostprocessing = 0;
		};
		154F87D429C9B1E6000DB84F /* Sources */ = {
			isa = PBXSourcesBuildPhase;
			buildActionMask = 2147483647;
			files = (
				154F87DF29C9B1E6000DB84F /* HunchMealUITestsLaunchTests.swift in Sources */,
				154F87DD29C9B1E6000DB84F /* HunchMealUITests.swift in Sources */,
			);
			runOnlyForDeploymentPostprocessing = 0;
		};
/* End PBXSourcesBuildPhase section */

/* Begin PBXTargetDependency section */
		154F87D029C9B1E6000DB84F /* PBXTargetDependency */ = {
			isa = PBXTargetDependency;
			target = 154F87B729C9B1E6000DB84F /* HunchMeal */;
			targetProxy = 154F87CF29C9B1E6000DB84F /* PBXContainerItemProxy */;
		};
		154F87DA29C9B1E6000DB84F /* PBXTargetDependency */ = {
			isa = PBXTargetDependency;
			target = 154F87B729C9B1E6000DB84F /* HunchMeal */;
			targetProxy = 154F87D929C9B1E6000DB84F /* PBXContainerItemProxy */;
		};
/* End PBXTargetDependency section */

/* Begin XCBuildConfiguration section */
		154F87E029C9B1E6000DB84F /* Debug */ = {
			isa = XCBuildConfiguration;
			buildSettings = {
				ALWAYS_SEARCH_USER_PATHS = NO;
				CLANG_ANALYZER_NONNULL = YES;
				CLANG_ANALYZER_NUMBER_OBJECT_CONVERSION = YES_AGGRESSIVE;
				CLANG_CXX_LANGUAGE_STANDARD = "gnu++20";
				CLANG_ENABLE_MODULES = YES;
				CLANG_ENABLE_OBJC_ARC = YES;
				CLANG_ENABLE_OBJC_WEAK = YES;
				CLANG_WARN_BLOCK_CAPTURE_AUTORELEASING = YES;
				CLANG_WARN_BOOL_CONVERSION = YES;
				CLANG_WARN_COMMA = YES;
				CLANG_WARN_CONSTANT_CONVERSION = YES;
				CLANG_WARN_DEPRECATED_OBJC_IMPLEMENTATIONS = YES;
				CLANG_WARN_DIRECT_OBJC_ISA_USAGE = YES_ERROR;
				CLANG_WARN_DOCUMENTATION_COMMENTS = YES;
				CLANG_WARN_EMPTY_BODY = YES;
				CLANG_WARN_ENUM_CONVERSION = YES;
				CLANG_WARN_INFINITE_RECURSION = YES;
				CLANG_WARN_INT_CONVERSION = YES;
				CLANG_WARN_NON_LITERAL_NULL_CONVERSION = YES;
				CLANG_WARN_OBJC_IMPLICIT_RETAIN_SELF = YES;
				CLANG_WARN_OBJC_LITERAL_CONVERSION = YES;
				CLANG_WARN_OBJC_ROOT_CLASS = YES_ERROR;
				CLANG_WARN_QUOTED_INCLUDE_IN_FRAMEWORK_HEADER = YES;
				CLANG_WARN_RANGE_LOOP_ANALYSIS = YES;
				CLANG_WARN_STRICT_PROTOTYPES = YES;
				CLANG_WARN_SUSPICIOUS_MOVE = YES;
				CLANG_WARN_UNGUARDED_AVAILABILITY = YES_AGGRESSIVE;
				CLANG_WARN_UNREACHABLE_CODE = YES;
				CLANG_WARN__DUPLICATE_METHOD_MATCH = YES;
				COPY_PHASE_STRIP = NO;
				DEBUG_INFORMATION_FORMAT = dwarf;
				ENABLE_STRICT_OBJC_MSGSEND = YES;
				ENABLE_TESTABILITY = YES;
				GCC_C_LANGUAGE_STANDARD = gnu11;
				GCC_DYNAMIC_NO_PIC = NO;
				GCC_NO_COMMON_BLOCKS = YES;
				GCC_OPTIMIZATION_LEVEL = 0;
				GCC_PREPROCESSOR_DEFINITIONS = (
					"DEBUG=1",
					"$(inherited)",
				);
				GCC_WARN_64_TO_32_BIT_CONVERSION = YES;
				GCC_WARN_ABOUT_RETURN_TYPE = YES_ERROR;
				GCC_WARN_UNDECLARED_SELECTOR = YES;
				GCC_WARN_UNINITIALIZED_AUTOS = YES_AGGRESSIVE;
				GCC_WARN_UNUSED_FUNCTION = YES;
				GCC_WARN_UNUSED_VARIABLE = YES;
				IPHONEOS_DEPLOYMENT_TARGET = 16.2;
				MTL_ENABLE_DEBUG_INFO = INCLUDE_SOURCE;
				MTL_FAST_MATH = YES;
				ONLY_ACTIVE_ARCH = YES;
				SDKROOT = iphoneos;
				SWIFT_ACTIVE_COMPILATION_CONDITIONS = DEBUG;
				SWIFT_OPTIMIZATION_LEVEL = "-Onone";
			};
			name = Debug;
		};
		154F87E129C9B1E6000DB84F /* Release */ = {
			isa = XCBuildConfiguration;
			buildSettings = {
				ALWAYS_SEARCH_USER_PATHS = NO;
				CLANG_ANALYZER_NONNULL = YES;
				CLANG_ANALYZER_NUMBER_OBJECT_CONVERSION = YES_AGGRESSIVE;
				CLANG_CXX_LANGUAGE_STANDARD = "gnu++20";
				CLANG_ENABLE_MODULES = YES;
				CLANG_ENABLE_OBJC_ARC = YES;
				CLANG_ENABLE_OBJC_WEAK = YES;
				CLANG_WARN_BLOCK_CAPTURE_AUTORELEASING = YES;
				CLANG_WARN_BOOL_CONVERSION = YES;
				CLANG_WARN_COMMA = YES;
				CLANG_WARN_CONSTANT_CONVERSION = YES;
				CLANG_WARN_DEPRECATED_OBJC_IMPLEMENTATIONS = YES;
				CLANG_WARN_DIRECT_OBJC_ISA_USAGE = YES_ERROR;
				CLANG_WARN_DOCUMENTATION_COMMENTS = YES;
				CLANG_WARN_EMPTY_BODY = YES;
				CLANG_WARN_ENUM_CONVERSION = YES;
				CLANG_WARN_INFINITE_RECURSION = YES;
				CLANG_WARN_INT_CONVERSION = YES;
				CLANG_WARN_NON_LITERAL_NULL_CONVERSION = YES;
				CLANG_WARN_OBJC_IMPLICIT_RETAIN_SELF = YES;
				CLANG_WARN_OBJC_LITERAL_CONVERSION = YES;
				CLANG_WARN_OBJC_ROOT_CLASS = YES_ERROR;
				CLANG_WARN_QUOTED_INCLUDE_IN_FRAMEWORK_HEADER = YES;
				CLANG_WARN_RANGE_LOOP_ANALYSIS = YES;
				CLANG_WARN_STRICT_PROTOTYPES = YES;
				CLANG_WARN_SUSPICIOUS_MOVE = YES;
				CLANG_WARN_UNGUARDED_AVAILABILITY = YES_AGGRESSIVE;
				CLANG_WARN_UNREACHABLE_CODE = YES;
				CLANG_WARN__DUPLICATE_METHOD_MATCH = YES;
				COPY_PHASE_STRIP = NO;
				DEBUG_INFORMATION_FORMAT = "dwarf-with-dsym";
				ENABLE_NS_ASSERTIONS = NO;
				ENABLE_STRICT_OBJC_MSGSEND = YES;
				GCC_C_LANGUAGE_STANDARD = gnu11;
				GCC_NO_COMMON_BLOCKS = YES;
				GCC_WARN_64_TO_32_BIT_CONVERSION = YES;
				GCC_WARN_ABOUT_RETURN_TYPE = YES_ERROR;
				GCC_WARN_UNDECLARED_SELECTOR = YES;
				GCC_WARN_UNINITIALIZED_AUTOS = YES_AGGRESSIVE;
				GCC_WARN_UNUSED_FUNCTION = YES;
				GCC_WARN_UNUSED_VARIABLE = YES;
				IPHONEOS_DEPLOYMENT_TARGET = 16.2;
				MTL_ENABLE_DEBUG_INFO = NO;
				MTL_FAST_MATH = YES;
				SDKROOT = iphoneos;
				SWIFT_COMPILATION_MODE = wholemodule;
				SWIFT_OPTIMIZATION_LEVEL = "-O";
				VALIDATE_PRODUCT = YES;
			};
			name = Release;
		};
		154F87E329C9B1E6000DB84F /* Debug */ = {
			isa = XCBuildConfiguration;
			buildSettings = {
				ASSETCATALOG_COMPILER_APPICON_NAME = AppIcon;
				ASSETCATALOG_COMPILER_GLOBAL_ACCENT_COLOR_NAME = AccentColor;
				CODE_SIGN_STYLE = Automatic;
				CURRENT_PROJECT_VERSION = 1;
				DEVELOPMENT_ASSET_PATHS = "\"HunchMeal/Preview Content\"";
				DEVELOPMENT_TEAM = R4FBGZQ29P;
				ENABLE_PREVIEWS = YES;
				GENERATE_INFOPLIST_FILE = YES;
				INFOPLIST_KEY_UIApplicationSceneManifest_Generation = YES;
				INFOPLIST_KEY_UIApplicationSupportsIndirectInputEvents = YES;
				INFOPLIST_KEY_UILaunchScreen_Generation = YES;
				INFOPLIST_KEY_UISupportedInterfaceOrientations_iPad = "UIInterfaceOrientationPortrait UIInterfaceOrientationPortraitUpsideDown UIInterfaceOrientationLandscapeLeft UIInterfaceOrientationLandscapeRight";
				INFOPLIST_KEY_UISupportedInterfaceOrientations_iPhone = "UIInterfaceOrientationPortrait UIInterfaceOrientationLandscapeLeft UIInterfaceOrientationLandscapeRight";
				LD_RUNPATH_SEARCH_PATHS = (
					"$(inherited)",
					"@executable_path/Frameworks",
				);
				MARKETING_VERSION = 1.0;
				PRODUCT_BUNDLE_IDENTIFIER = Testing.HunchMeal;
				PRODUCT_NAME = "$(TARGET_NAME)";
				SWIFT_EMIT_LOC_STRINGS = YES;
				SWIFT_VERSION = 5.0;
				TARGETED_DEVICE_FAMILY = "1,2";
			};
			name = Debug;
		};
		154F87E429C9B1E6000DB84F /* Release */ = {
			isa = XCBuildConfiguration;
			buildSettings = {
				ASSETCATALOG_COMPILER_APPICON_NAME = AppIcon;
				ASSETCATALOG_COMPILER_GLOBAL_ACCENT_COLOR_NAME = AccentColor;
				CODE_SIGN_STYLE = Automatic;
				CURRENT_PROJECT_VERSION = 1;
				DEVELOPMENT_ASSET_PATHS = "\"HunchMeal/Preview Content\"";
				DEVELOPMENT_TEAM = R4FBGZQ29P;
				ENABLE_PREVIEWS = YES;
				GENERATE_INFOPLIST_FILE = YES;
				INFOPLIST_KEY_UIApplicationSceneManifest_Generation = YES;
				INFOPLIST_KEY_UIApplicationSupportsIndirectInputEvents = YES;
				INFOPLIST_KEY_UILaunchScreen_Generation = YES;
				INFOPLIST_KEY_UISupportedInterfaceOrientations_iPad = "UIInterfaceOrientationPortrait UIInterfaceOrientationPortraitUpsideDown UIInterfaceOrientationLandscapeLeft UIInterfaceOrientationLandscapeRight";
				INFOPLIST_KEY_UISupportedInterfaceOrientations_iPhone = "UIInterfaceOrientationPortrait UIInterfaceOrientationLandscapeLeft UIInterfaceOrientationLandscapeRight";
				LD_RUNPATH_SEARCH_PATHS = (
					"$(inherited)",
					"@executable_path/Frameworks",
				);
				MARKETING_VERSION = 1.0;
				PRODUCT_BUNDLE_IDENTIFIER = Testing.HunchMeal;
				PRODUCT_NAME = "$(TARGET_NAME)";
				SWIFT_EMIT_LOC_STRINGS = YES;
				SWIFT_VERSION = 5.0;
				TARGETED_DEVICE_FAMILY = "1,2";
			};
			name = Release;
		};
		154F87E629C9B1E6000DB84F /* Debug */ = {
			isa = XCBuildConfiguration;
			buildSettings = {
				ALWAYS_EMBED_SWIFT_STANDARD_LIBRARIES = YES;
				BUNDLE_LOADER = "$(TEST_HOST)";
				CODE_SIGN_STYLE = Automatic;
				CURRENT_PROJECT_VERSION = 1;
				DEVELOPMENT_TEAM = R4FBGZQ29P;
				GENERATE_INFOPLIST_FILE = YES;
				IPHONEOS_DEPLOYMENT_TARGET = 16.2;
				MARKETING_VERSION = 1.0;
				PRODUCT_BUNDLE_IDENTIFIER = Testing.HunchMealTests;
				PRODUCT_NAME = "$(TARGET_NAME)";
				SWIFT_EMIT_LOC_STRINGS = NO;
				SWIFT_VERSION = 5.0;
				TARGETED_DEVICE_FAMILY = "1,2";
				TEST_HOST = "$(BUILT_PRODUCTS_DIR)/HunchMeal.app/$(BUNDLE_EXECUTABLE_FOLDER_PATH)/HunchMeal";
			};
			name = Debug;
		};
		154F87E729C9B1E6000DB84F /* Release */ = {
			isa = XCBuildConfiguration;
			buildSettings = {
				ALWAYS_EMBED_SWIFT_STANDARD_LIBRARIES = YES;
				BUNDLE_LOADER = "$(TEST_HOST)";
				CODE_SIGN_STYLE = Automatic;
				CURRENT_PROJECT_VERSION = 1;
				DEVELOPMENT_TEAM = R4FBGZQ29P;
				GENERATE_INFOPLIST_FILE = YES;
				IPHONEOS_DEPLOYMENT_TARGET = 16.2;
				MARKETING_VERSION = 1.0;
				PRODUCT_BUNDLE_IDENTIFIER = Testing.HunchMealTests;
				PRODUCT_NAME = "$(TARGET_NAME)";
				SWIFT_EMIT_LOC_STRINGS = NO;
				SWIFT_VERSION = 5.0;
				TARGETED_DEVICE_FAMILY = "1,2";
				TEST_HOST = "$(BUILT_PRODUCTS_DIR)/HunchMeal.app/$(BUNDLE_EXECUTABLE_FOLDER_PATH)/HunchMeal";
			};
			name = Release;
		};
		154F87E929C9B1E6000DB84F /* Debug */ = {
			isa = XCBuildConfiguration;
			buildSettings = {
				ALWAYS_EMBED_SWIFT_STANDARD_LIBRARIES = YES;
				CODE_SIGN_STYLE = Automatic;
				CURRENT_PROJECT_VERSION = 1;
				DEVELOPMENT_TEAM = R4FBGZQ29P;
				GENERATE_INFOPLIST_FILE = YES;
				MARKETING_VERSION = 1.0;
				PRODUCT_BUNDLE_IDENTIFIER = Testing.HunchMealUITests;
				PRODUCT_NAME = "$(TARGET_NAME)";
				SWIFT_EMIT_LOC_STRINGS = NO;
				SWIFT_VERSION = 5.0;
				TARGETED_DEVICE_FAMILY = "1,2";
				TEST_TARGET_NAME = HunchMeal;
			};
			name = Debug;
		};
		154F87EA29C9B1E6000DB84F /* Release */ = {
			isa = XCBuildConfiguration;
			buildSettings = {
				ALWAYS_EMBED_SWIFT_STANDARD_LIBRARIES = YES;
				CODE_SIGN_STYLE = Automatic;
				CURRENT_PROJECT_VERSION = 1;
				DEVELOPMENT_TEAM = R4FBGZQ29P;
				GENERATE_INFOPLIST_FILE = YES;
				MARKETING_VERSION = 1.0;
				PRODUCT_BUNDLE_IDENTIFIER = Testing.HunchMealUITests;
				PRODUCT_NAME = "$(TARGET_NAME)";
				SWIFT_EMIT_LOC_STRINGS = NO;
				SWIFT_VERSION = 5.0;
				TARGETED_DEVICE_FAMILY = "1,2";
				TEST_TARGET_NAME = HunchMeal;
			};
			name = Release;
		};
/* End XCBuildConfiguration section */

/* Begin XCConfigurationList section */
		154F87B329C9B1E6000DB84F /* Build configuration list for PBXProject "HunchMeal" */ = {
			isa = XCConfigurationList;
			buildConfigurations = (
				154F87E029C9B1E6000DB84F /* Debug */,
				154F87E129C9B1E6000DB84F /* Release */,
			);
			defaultConfigurationIsVisible = 0;
			defaultConfigurationName = Release;
		};
		154F87E229C9B1E6000DB84F /* Build configuration list for PBXNativeTarget "HunchMeal" */ = {
			isa = XCConfigurationList;
			buildConfigurations = (
				154F87E329C9B1E6000DB84F /* Debug */,
				154F87E429C9B1E6000DB84F /* Release */,
			);
			defaultConfigurationIsVisible = 0;
			defaultConfigurationName = Release;
		};
		154F87E529C9B1E6000DB84F /* Build configuration list for PBXNativeTarget "HunchMealTests" */ = {
			isa = XCConfigurationList;
			buildConfigurations = (
				154F87E629C9B1E6000DB84F /* Debug */,
				154F87E729C9B1E6000DB84F /* Release */,
			);
			defaultConfigurationIsVisible = 0;
			defaultConfigurationName = Release;
		};
		154F87E829C9B1E6000DB84F /* Build configuration list for PBXNativeTarget "HunchMealUITests" */ = {
			isa = XCConfigurationList;
			buildConfigurations = (
				154F87E929C9B1E6000DB84F /* Debug */,
				154F87EA29C9B1E6000DB84F /* Release */,
			);
			defaultConfigurationIsVisible = 0;
			defaultConfigurationName = Release;
		};
/* End XCConfigurationList section */

/* Begin XCVersionGroup section */
		154F87C629C9B1E6000DB84F /* HunchMeal.xcdatamodeld */ = {
			isa = XCVersionGroup;
			children = (
				154F87C729C9B1E6000DB84F /* HunchMeal.xcdatamodel */,
			);
			currentVersion = 154F87C729C9B1E6000DB84F /* HunchMeal.xcdatamodel */;
			path = HunchMeal.xcdatamodeld;
			sourceTree = "<group>";
			versionGroupType = wrapper.xcdatamodel;
		};
/* End XCVersionGroup section */
	};
	rootObject = 154F87B029C9B1E6000DB84F /* Project object */;
}
