// !$*UTF8*$!
{
	archiveVersion = 1;
	classes = {
	};
	objectVersion = 56;
	objects = {

/* Begin PBXBuildFile section */
		15B6137229CAF5A600CB0D1E /* Food.swift in Sources */ = {isa = PBXBuildFile; fileRef = 15B6137129CAF5A600CB0D1E /* Food.swift */; };
		15B6137429CAF5F800CB0D1E /* FoodType.swift in Sources */ = {isa = PBXBuildFile; fileRef = 15B6137329CAF5F800CB0D1E /* FoodType.swift */; };
		15B6137629CAF61400CB0D1E /* FoodOrigin.swift in Sources */ = {isa = PBXBuildFile; fileRef = 15B6137529CAF61400CB0D1E /* FoodOrigin.swift */; };
		15B6137829CAF62B00CB0D1E /* FoodProcesses.swift in Sources */ = {isa = PBXBuildFile; fileRef = 15B6137729CAF62B00CB0D1E /* FoodProcesses.swift */; };
		15B6137A29CAF65100CB0D1E /* FoodTaste.swift in Sources */ = {isa = PBXBuildFile; fileRef = 15B6137929CAF65100CB0D1E /* FoodTaste.swift */; };
		15B6137C29CAF66D00CB0D1E /* FoodIngredient.swift in Sources */ = {isa = PBXBuildFile; fileRef = 15B6137B29CAF66D00CB0D1E /* FoodIngredient.swift */; };
		15B6138129CAF9FA00CB0D1E /* GameBoardViewModel.swift in Sources */ = {isa = PBXBuildFile; fileRef = 15B6138029CAF9FA00CB0D1E /* GameBoardViewModel.swift */; };
		15B6138329CB12D900CB0D1E /* Question.swift in Sources */ = {isa = PBXBuildFile; fileRef = 15B6138229CB12D900CB0D1E /* Question.swift */; };
		15B6138529CB2A8A00CB0D1E /* EndGameViewModel.swift in Sources */ = {isa = PBXBuildFile; fileRef = 15B6138429CB2A8A00CB0D1E /* EndGameViewModel.swift */; };
		15DB120E29C9BF6000333F16 /* HunchMealApp.swift in Sources */ = {isa = PBXBuildFile; fileRef = 15DB120D29C9BF6000333F16 /* HunchMealApp.swift */; };
		15DB121029C9BF6000333F16 /* HunchMealView.swift in Sources */ = {isa = PBXBuildFile; fileRef = 15DB120F29C9BF6000333F16 /* HunchMealView.swift */; };
		15DB121229C9BF6100333F16 /* Assets.xcassets in Resources */ = {isa = PBXBuildFile; fileRef = 15DB121129C9BF6100333F16 /* Assets.xcassets */; };
		15DB121529C9BF6100333F16 /* Preview Assets.xcassets in Resources */ = {isa = PBXBuildFile; fileRef = 15DB121429C9BF6100333F16 /* Preview Assets.xcassets */; };
		15DB121F29C9BF6100333F16 /* HunchMealTests.swift in Sources */ = {isa = PBXBuildFile; fileRef = 15DB121E29C9BF6100333F16 /* HunchMealTests.swift */; };
		15DB122929C9BF6100333F16 /* HunchMealUITests.swift in Sources */ = {isa = PBXBuildFile; fileRef = 15DB122829C9BF6100333F16 /* HunchMealUITests.swift */; };
		15DB122B29C9BF6100333F16 /* HunchMealUITestsLaunchTests.swift in Sources */ = {isa = PBXBuildFile; fileRef = 15DB122A29C9BF6100333F16 /* HunchMealUITestsLaunchTests.swift */; };
/* End PBXBuildFile section */

/* Begin PBXContainerItemProxy section */
		15DB121B29C9BF6100333F16 /* PBXContainerItemProxy */ = {
			isa = PBXContainerItemProxy;
			containerPortal = 15DB120229C9BF6000333F16 /* Project object */;
			proxyType = 1;
			remoteGlobalIDString = 15DB120929C9BF6000333F16;
			remoteInfo = HunchMeal;
		};
		15DB122529C9BF6100333F16 /* PBXContainerItemProxy */ = {
			isa = PBXContainerItemProxy;
			containerPortal = 15DB120229C9BF6000333F16 /* Project object */;
			proxyType = 1;
			remoteGlobalIDString = 15DB120929C9BF6000333F16;
			remoteInfo = HunchMeal;
		};
/* End PBXContainerItemProxy section */

/* Begin PBXFileReference section */
		15B6137129CAF5A600CB0D1E /* Food.swift */ = {isa = PBXFileReference; lastKnownFileType = sourcecode.swift; path = Food.swift; sourceTree = "<group>"; };
		15B6137329CAF5F800CB0D1E /* FoodType.swift */ = {isa = PBXFileReference; lastKnownFileType = sourcecode.swift; path = FoodType.swift; sourceTree = "<group>"; };
		15B6137529CAF61400CB0D1E /* FoodOrigin.swift */ = {isa = PBXFileReference; lastKnownFileType = sourcecode.swift; path = FoodOrigin.swift; sourceTree = "<group>"; };
		15B6137729CAF62B00CB0D1E /* FoodProcesses.swift */ = {isa = PBXFileReference; lastKnownFileType = sourcecode.swift; path = FoodProcesses.swift; sourceTree = "<group>"; };
		15B6137929CAF65100CB0D1E /* FoodTaste.swift */ = {isa = PBXFileReference; lastKnownFileType = sourcecode.swift; path = FoodTaste.swift; sourceTree = "<group>"; };
		15B6137B29CAF66D00CB0D1E /* FoodIngredient.swift */ = {isa = PBXFileReference; lastKnownFileType = sourcecode.swift; path = FoodIngredient.swift; sourceTree = "<group>"; };
		15B6138029CAF9FA00CB0D1E /* GameBoardViewModel.swift */ = {isa = PBXFileReference; lastKnownFileType = sourcecode.swift; path = GameBoardViewModel.swift; sourceTree = "<group>"; };
		15B6138229CB12D900CB0D1E /* Question.swift */ = {isa = PBXFileReference; lastKnownFileType = sourcecode.swift; path = Question.swift; sourceTree = "<group>"; };
		15B6138429CB2A8A00CB0D1E /* EndGameViewModel.swift */ = {isa = PBXFileReference; lastKnownFileType = sourcecode.swift; path = EndGameViewModel.swift; sourceTree = "<group>"; };
		15DB120A29C9BF6000333F16 /* HunchMeal.app */ = {isa = PBXFileReference; explicitFileType = wrapper.application; includeInIndex = 0; path = HunchMeal.app; sourceTree = BUILT_PRODUCTS_DIR; };
		15DB120D29C9BF6000333F16 /* HunchMealApp.swift */ = {isa = PBXFileReference; lastKnownFileType = sourcecode.swift; path = HunchMealApp.swift; sourceTree = "<group>"; };
		15DB120F29C9BF6000333F16 /* HunchMealView.swift */ = {isa = PBXFileReference; lastKnownFileType = sourcecode.swift; path = HunchMealView.swift; sourceTree = "<group>"; };
		15DB121129C9BF6100333F16 /* Assets.xcassets */ = {isa = PBXFileReference; lastKnownFileType = folder.assetcatalog; path = Assets.xcassets; sourceTree = "<group>"; };
		15DB121429C9BF6100333F16 /* Preview Assets.xcassets */ = {isa = PBXFileReference; lastKnownFileType = folder.assetcatalog; path = "Preview Assets.xcassets"; sourceTree = "<group>"; };
		15DB121A29C9BF6100333F16 /* HunchMealTests.xctest */ = {isa = PBXFileReference; explicitFileType = wrapper.cfbundle; includeInIndex = 0; path = HunchMealTests.xctest; sourceTree = BUILT_PRODUCTS_DIR; };
		15DB121E29C9BF6100333F16 /* HunchMealTests.swift */ = {isa = PBXFileReference; lastKnownFileType = sourcecode.swift; path = HunchMealTests.swift; sourceTree = "<group>"; };
		15DB122429C9BF6100333F16 /* HunchMealUITests.xctest */ = {isa = PBXFileReference; explicitFileType = wrapper.cfbundle; includeInIndex = 0; path = HunchMealUITests.xctest; sourceTree = BUILT_PRODUCTS_DIR; };
		15DB122829C9BF6100333F16 /* HunchMealUITests.swift */ = {isa = PBXFileReference; lastKnownFileType = sourcecode.swift; path = HunchMealUITests.swift; sourceTree = "<group>"; };
		15DB122A29C9BF6100333F16 /* HunchMealUITestsLaunchTests.swift */ = {isa = PBXFileReference; lastKnownFileType = sourcecode.swift; path = HunchMealUITestsLaunchTests.swift; sourceTree = "<group>"; };
/* End PBXFileReference section */

/* Begin PBXFrameworksBuildPhase section */
		15DB120729C9BF6000333F16 /* Frameworks */ = {
			isa = PBXFrameworksBuildPhase;
			buildActionMask = 2147483647;
			files = (
			);
			runOnlyForDeploymentPostprocessing = 0;
		};
		15DB121729C9BF6100333F16 /* Frameworks */ = {
			isa = PBXFrameworksBuildPhase;
			buildActionMask = 2147483647;
			files = (
			);
			runOnlyForDeploymentPostprocessing = 0;
		};
		15DB122129C9BF6100333F16 /* Frameworks */ = {
			isa = PBXFrameworksBuildPhase;
			buildActionMask = 2147483647;
			files = (
			);
			runOnlyForDeploymentPostprocessing = 0;
		};
/* End PBXFrameworksBuildPhase section */

/* Begin PBXGroup section */
		15B6137029CAF59800CB0D1E /* Models */ = {
			isa = PBXGroup;
			children = (
				15B6137129CAF5A600CB0D1E /* Food.swift */,
				15B6137329CAF5F800CB0D1E /* FoodType.swift */,
				15B6137529CAF61400CB0D1E /* FoodOrigin.swift */,
				15B6137729CAF62B00CB0D1E /* FoodProcesses.swift */,
				15B6137929CAF65100CB0D1E /* FoodTaste.swift */,
				15B6137B29CAF66D00CB0D1E /* FoodIngredient.swift */,
				15B6138229CB12D900CB0D1E /* Question.swift */,
			);
			path = Models;
			sourceTree = "<group>";
		};
		15B6137D29CAF98600CB0D1E /* ViewModels */ = {
			isa = PBXGroup;
			children = (
				15B6138029CAF9FA00CB0D1E /* GameBoardViewModel.swift */,
				15B6138429CB2A8A00CB0D1E /* EndGameViewModel.swift */,
			);
			path = ViewModels;
			sourceTree = "<group>";
		};
		15B6138629CB472000CB0D1E /* Views */ = {
			isa = PBXGroup;
			children = (
				15DB120F29C9BF6000333F16 /* HunchMealView.swift */,
			);
			path = Views;
			sourceTree = "<group>";
		};
		15DB120129C9BF6000333F16 = {
			isa = PBXGroup;
			children = (
				15DB120C29C9BF6000333F16 /* HunchMeal */,
				15DB121D29C9BF6100333F16 /* HunchMealTests */,
				15DB122729C9BF6100333F16 /* HunchMealUITests */,
				15DB120B29C9BF6000333F16 /* Products */,
			);
			sourceTree = "<group>";
		};
		15DB120B29C9BF6000333F16 /* Products */ = {
			isa = PBXGroup;
			children = (
				15DB120A29C9BF6000333F16 /* HunchMeal.app */,
				15DB121A29C9BF6100333F16 /* HunchMealTests.xctest */,
				15DB122429C9BF6100333F16 /* HunchMealUITests.xctest */,
			);
			name = Products;
			sourceTree = "<group>";
		};
		15DB120C29C9BF6000333F16 /* HunchMeal */ = {
			isa = PBXGroup;
			children = (
				15B6138629CB472000CB0D1E /* Views */,
				15B6137D29CAF98600CB0D1E /* ViewModels */,
				15B6137029CAF59800CB0D1E /* Models */,
				15DB120D29C9BF6000333F16 /* HunchMealApp.swift */,
				15DB121129C9BF6100333F16 /* Assets.xcassets */,
				15DB121329C9BF6100333F16 /* Preview Content */,
			);
			path = HunchMeal;
			sourceTree = "<group>";
		};
		15DB121329C9BF6100333F16 /* Preview Content */ = {
			isa = PBXGroup;
			children = (
				15DB121429C9BF6100333F16 /* Preview Assets.xcassets */,
			);
			path = "Preview Content";
			sourceTree = "<group>";
		};
		15DB121D29C9BF6100333F16 /* HunchMealTests */ = {
			isa = PBXGroup;
			children = (
				15DB121E29C9BF6100333F16 /* HunchMealTests.swift */,
			);
			path = HunchMealTests;
			sourceTree = "<group>";
		};
		15DB122729C9BF6100333F16 /* HunchMealUITests */ = {
			isa = PBXGroup;
			children = (
				15DB122829C9BF6100333F16 /* HunchMealUITests.swift */,
				15DB122A29C9BF6100333F16 /* HunchMealUITestsLaunchTests.swift */,
			);
			path = HunchMealUITests;
			sourceTree = "<group>";
		};
/* End PBXGroup section */

/* Begin PBXNativeTarget section */
		15DB120929C9BF6000333F16 /* HunchMeal */ = {
			isa = PBXNativeTarget;
			buildConfigurationList = 15DB122E29C9BF6100333F16 /* Build configuration list for PBXNativeTarget "HunchMeal" */;
			buildPhases = (
				15DB120629C9BF6000333F16 /* Sources */,
				15DB120729C9BF6000333F16 /* Frameworks */,
				15DB120829C9BF6000333F16 /* Resources */,
			);
			buildRules = (
			);
			dependencies = (
			);
			name = HunchMeal;
			productName = HunchMeal;
			productReference = 15DB120A29C9BF6000333F16 /* HunchMeal.app */;
			productType = "com.apple.product-type.application";
		};
		15DB121929C9BF6100333F16 /* HunchMealTests */ = {
			isa = PBXNativeTarget;
			buildConfigurationList = 15DB123129C9BF6100333F16 /* Build configuration list for PBXNativeTarget "HunchMealTests" */;
			buildPhases = (
				15DB121629C9BF6100333F16 /* Sources */,
				15DB121729C9BF6100333F16 /* Frameworks */,
				15DB121829C9BF6100333F16 /* Resources */,
			);
			buildRules = (
			);
			dependencies = (
				15DB121C29C9BF6100333F16 /* PBXTargetDependency */,
			);
			name = HunchMealTests;
			productName = HunchMealTests;
			productReference = 15DB121A29C9BF6100333F16 /* HunchMealTests.xctest */;
			productType = "com.apple.product-type.bundle.unit-test";
		};
		15DB122329C9BF6100333F16 /* HunchMealUITests */ = {
			isa = PBXNativeTarget;
			buildConfigurationList = 15DB123429C9BF6100333F16 /* Build configuration list for PBXNativeTarget "HunchMealUITests" */;
			buildPhases = (
				15DB122029C9BF6100333F16 /* Sources */,
				15DB122129C9BF6100333F16 /* Frameworks */,
				15DB122229C9BF6100333F16 /* Resources */,
			);
			buildRules = (
			);
			dependencies = (
				15DB122629C9BF6100333F16 /* PBXTargetDependency */,
			);
			name = HunchMealUITests;
			productName = HunchMealUITests;
			productReference = 15DB122429C9BF6100333F16 /* HunchMealUITests.xctest */;
			productType = "com.apple.product-type.bundle.ui-testing";
		};
/* End PBXNativeTarget section */

/* Begin PBXProject section */
		15DB120229C9BF6000333F16 /* Project object */ = {
			isa = PBXProject;
			attributes = {
				BuildIndependentTargetsInParallel = 1;
				LastSwiftUpdateCheck = 1420;
				LastUpgradeCheck = 1420;
				TargetAttributes = {
					15DB120929C9BF6000333F16 = {
						CreatedOnToolsVersion = 14.2;
					};
					15DB121929C9BF6100333F16 = {
						CreatedOnToolsVersion = 14.2;
						TestTargetID = 15DB120929C9BF6000333F16;
					};
					15DB122329C9BF6100333F16 = {
						CreatedOnToolsVersion = 14.2;
						TestTargetID = 15DB120929C9BF6000333F16;
					};
				};
			};
			buildConfigurationList = 15DB120529C9BF6000333F16 /* Build configuration list for PBXProject "HunchMeal" */;
			compatibilityVersion = "Xcode 14.0";
			developmentRegion = en;
			hasScannedForEncodings = 0;
			knownRegions = (
				en,
				Base,
			);
			mainGroup = 15DB120129C9BF6000333F16;
			productRefGroup = 15DB120B29C9BF6000333F16 /* Products */;
			projectDirPath = "";
			projectRoot = "";
			targets = (
				15DB120929C9BF6000333F16 /* HunchMeal */,
				15DB121929C9BF6100333F16 /* HunchMealTests */,
				15DB122329C9BF6100333F16 /* HunchMealUITests */,
			);
		};
/* End PBXProject section */

/* Begin PBXResourcesBuildPhase section */
		15DB120829C9BF6000333F16 /* Resources */ = {
			isa = PBXResourcesBuildPhase;
			buildActionMask = 2147483647;
			files = (
				15DB121529C9BF6100333F16 /* Preview Assets.xcassets in Resources */,
				15DB121229C9BF6100333F16 /* Assets.xcassets in Resources */,
			);
			runOnlyForDeploymentPostprocessing = 0;
		};
		15DB121829C9BF6100333F16 /* Resources */ = {
			isa = PBXResourcesBuildPhase;
			buildActionMask = 2147483647;
			files = (
			);
			runOnlyForDeploymentPostprocessing = 0;
		};
		15DB122229C9BF6100333F16 /* Resources */ = {
			isa = PBXResourcesBuildPhase;
			buildActionMask = 2147483647;
			files = (
			);
			runOnlyForDeploymentPostprocessing = 0;
		};
/* End PBXResourcesBuildPhase section */

/* Begin PBXSourcesBuildPhase section */
		15DB120629C9BF6000333F16 /* Sources */ = {
			isa = PBXSourcesBuildPhase;
			buildActionMask = 2147483647;
			files = (
				15B6137C29CAF66D00CB0D1E /* FoodIngredient.swift in Sources */,
				15DB121029C9BF6000333F16 /* HunchMealView.swift in Sources */,
				15B6137A29CAF65100CB0D1E /* FoodTaste.swift in Sources */,
				15B6138529CB2A8A00CB0D1E /* EndGameViewModel.swift in Sources */,
				15B6137829CAF62B00CB0D1E /* FoodProcesses.swift in Sources */,
				15B6138129CAF9FA00CB0D1E /* GameBoardViewModel.swift in Sources */,
				15B6138329CB12D900CB0D1E /* Question.swift in Sources */,
				15DB120E29C9BF6000333F16 /* HunchMealApp.swift in Sources */,
				15B6137229CAF5A600CB0D1E /* Food.swift in Sources */,
				15B6137429CAF5F800CB0D1E /* FoodType.swift in Sources */,
				15B6137629CAF61400CB0D1E /* FoodOrigin.swift in Sources */,
			);
			runOnlyForDeploymentPostprocessing = 0;
		};
		15DB121629C9BF6100333F16 /* Sources */ = {
			isa = PBXSourcesBuildPhase;
			buildActionMask = 2147483647;
			files = (
				15DB121F29C9BF6100333F16 /* HunchMealTests.swift in Sources */,
			);
			runOnlyForDeploymentPostprocessing = 0;
		};
		15DB122029C9BF6100333F16 /* Sources */ = {
			isa = PBXSourcesBuildPhase;
			buildActionMask = 2147483647;
			files = (
				15DB122B29C9BF6100333F16 /* HunchMealUITestsLaunchTests.swift in Sources */,
				15DB122929C9BF6100333F16 /* HunchMealUITests.swift in Sources */,
			);
			runOnlyForDeploymentPostprocessing = 0;
		};
/* End PBXSourcesBuildPhase section */

/* Begin PBXTargetDependency section */
		15DB121C29C9BF6100333F16 /* PBXTargetDependency */ = {
			isa = PBXTargetDependency;
			target = 15DB120929C9BF6000333F16 /* HunchMeal */;
			targetProxy = 15DB121B29C9BF6100333F16 /* PBXContainerItemProxy */;
		};
		15DB122629C9BF6100333F16 /* PBXTargetDependency */ = {
			isa = PBXTargetDependency;
			target = 15DB120929C9BF6000333F16 /* HunchMeal */;
			targetProxy = 15DB122529C9BF6100333F16 /* PBXContainerItemProxy */;
		};
/* End PBXTargetDependency section */

/* Begin XCBuildConfiguration section */
		15DB122C29C9BF6100333F16 /* Debug */ = {
			isa = XCBuildConfiguration;
			buildSettings = {
				ALWAYS_SEARCH_USER_PATHS = NO;
				CLANG_ANALYZER_NONNULL = YES;
				CLANG_ANALYZER_NUMBER_OBJECT_CONVERSION = YES_AGGRESSIVE;
				CLANG_CXX_LANGUAGE_STANDARD = "gnu++20";
				CLANG_ENABLE_MODULES = YES;
				CLANG_ENABLE_OBJC_ARC = YES;
				CLANG_ENABLE_OBJC_WEAK = YES;
				CLANG_WARN_BLOCK_CAPTURE_AUTORELEASING = YES;
				CLANG_WARN_BOOL_CONVERSION = YES;
				CLANG_WARN_COMMA = YES;
				CLANG_WARN_CONSTANT_CONVERSION = YES;
				CLANG_WARN_DEPRECATED_OBJC_IMPLEMENTATIONS = YES;
				CLANG_WARN_DIRECT_OBJC_ISA_USAGE = YES_ERROR;
				CLANG_WARN_DOCUMENTATION_COMMENTS = YES;
				CLANG_WARN_EMPTY_BODY = YES;
				CLANG_WARN_ENUM_CONVERSION = YES;
				CLANG_WARN_INFINITE_RECURSION = YES;
				CLANG_WARN_INT_CONVERSION = YES;
				CLANG_WARN_NON_LITERAL_NULL_CONVERSION = YES;
				CLANG_WARN_OBJC_IMPLICIT_RETAIN_SELF = YES;
				CLANG_WARN_OBJC_LITERAL_CONVERSION = YES;
				CLANG_WARN_OBJC_ROOT_CLASS = YES_ERROR;
				CLANG_WARN_QUOTED_INCLUDE_IN_FRAMEWORK_HEADER = YES;
				CLANG_WARN_RANGE_LOOP_ANALYSIS = YES;
				CLANG_WARN_STRICT_PROTOTYPES = YES;
				CLANG_WARN_SUSPICIOUS_MOVE = YES;
				CLANG_WARN_UNGUARDED_AVAILABILITY = YES_AGGRESSIVE;
				CLANG_WARN_UNREACHABLE_CODE = YES;
				CLANG_WARN__DUPLICATE_METHOD_MATCH = YES;
				COPY_PHASE_STRIP = NO;
				DEBUG_INFORMATION_FORMAT = dwarf;
				ENABLE_STRICT_OBJC_MSGSEND = YES;
				ENABLE_TESTABILITY = YES;
				GCC_C_LANGUAGE_STANDARD = gnu11;
				GCC_DYNAMIC_NO_PIC = NO;
				GCC_NO_COMMON_BLOCKS = YES;
				GCC_OPTIMIZATION_LEVEL = 0;
				GCC_PREPROCESSOR_DEFINITIONS = (
					"DEBUG=1",
					"$(inherited)",
				);
				GCC_WARN_64_TO_32_BIT_CONVERSION = YES;
				GCC_WARN_ABOUT_RETURN_TYPE = YES_ERROR;
				GCC_WARN_UNDECLARED_SELECTOR = YES;
				GCC_WARN_UNINITIALIZED_AUTOS = YES_AGGRESSIVE;
				GCC_WARN_UNUSED_FUNCTION = YES;
				GCC_WARN_UNUSED_VARIABLE = YES;
				IPHONEOS_DEPLOYMENT_TARGET = 16.2;
				MTL_ENABLE_DEBUG_INFO = INCLUDE_SOURCE;
				MTL_FAST_MATH = YES;
				ONLY_ACTIVE_ARCH = YES;
				SDKROOT = iphoneos;
				SWIFT_ACTIVE_COMPILATION_CONDITIONS = DEBUG;
				SWIFT_OPTIMIZATION_LEVEL = "-Onone";
			};
			name = Debug;
		};
		15DB122D29C9BF6100333F16 /* Release */ = {
			isa = XCBuildConfiguration;
			buildSettings = {
				ALWAYS_SEARCH_USER_PATHS = NO;
				CLANG_ANALYZER_NONNULL = YES;
				CLANG_ANALYZER_NUMBER_OBJECT_CONVERSION = YES_AGGRESSIVE;
				CLANG_CXX_LANGUAGE_STANDARD = "gnu++20";
				CLANG_ENABLE_MODULES = YES;
				CLANG_ENABLE_OBJC_ARC = YES;
				CLANG_ENABLE_OBJC_WEAK = YES;
				CLANG_WARN_BLOCK_CAPTURE_AUTORELEASING = YES;
				CLANG_WARN_BOOL_CONVERSION = YES;
				CLANG_WARN_COMMA = YES;
				CLANG_WARN_CONSTANT_CONVERSION = YES;
				CLANG_WARN_DEPRECATED_OBJC_IMPLEMENTATIONS = YES;
				CLANG_WARN_DIRECT_OBJC_ISA_USAGE = YES_ERROR;
				CLANG_WARN_DOCUMENTATION_COMMENTS = YES;
				CLANG_WARN_EMPTY_BODY = YES;
				CLANG_WARN_ENUM_CONVERSION = YES;
				CLANG_WARN_INFINITE_RECURSION = YES;
				CLANG_WARN_INT_CONVERSION = YES;
				CLANG_WARN_NON_LITERAL_NULL_CONVERSION = YES;
				CLANG_WARN_OBJC_IMPLICIT_RETAIN_SELF = YES;
				CLANG_WARN_OBJC_LITERAL_CONVERSION = YES;
				CLANG_WARN_OBJC_ROOT_CLASS = YES_ERROR;
				CLANG_WARN_QUOTED_INCLUDE_IN_FRAMEWORK_HEADER = YES;
				CLANG_WARN_RANGE_LOOP_ANALYSIS = YES;
				CLANG_WARN_STRICT_PROTOTYPES = YES;
				CLANG_WARN_SUSPICIOUS_MOVE = YES;
				CLANG_WARN_UNGUARDED_AVAILABILITY = YES_AGGRESSIVE;
				CLANG_WARN_UNREACHABLE_CODE = YES;
				CLANG_WARN__DUPLICATE_METHOD_MATCH = YES;
				COPY_PHASE_STRIP = NO;
				DEBUG_INFORMATION_FORMAT = "dwarf-with-dsym";
				ENABLE_NS_ASSERTIONS = NO;
				ENABLE_STRICT_OBJC_MSGSEND = YES;
				GCC_C_LANGUAGE_STANDARD = gnu11;
				GCC_NO_COMMON_BLOCKS = YES;
				GCC_WARN_64_TO_32_BIT_CONVERSION = YES;
				GCC_WARN_ABOUT_RETURN_TYPE = YES_ERROR;
				GCC_WARN_UNDECLARED_SELECTOR = YES;
				GCC_WARN_UNINITIALIZED_AUTOS = YES_AGGRESSIVE;
				GCC_WARN_UNUSED_FUNCTION = YES;
				GCC_WARN_UNUSED_VARIABLE = YES;
				IPHONEOS_DEPLOYMENT_TARGET = 16.2;
				MTL_ENABLE_DEBUG_INFO = NO;
				MTL_FAST_MATH = YES;
				SDKROOT = iphoneos;
				SWIFT_COMPILATION_MODE = wholemodule;
				SWIFT_OPTIMIZATION_LEVEL = "-O";
				VALIDATE_PRODUCT = YES;
			};
			name = Release;
		};
		15DB122F29C9BF6100333F16 /* Debug */ = {
			isa = XCBuildConfiguration;
			buildSettings = {
				ASSETCATALOG_COMPILER_APPICON_NAME = AppIcon;
				ASSETCATALOG_COMPILER_GLOBAL_ACCENT_COLOR_NAME = AccentColor;
				CODE_SIGN_STYLE = Automatic;
				CURRENT_PROJECT_VERSION = 1;
				DEVELOPMENT_ASSET_PATHS = "\"HunchMeal/Preview Content\"";
				DEVELOPMENT_TEAM = R4FBGZQ29P;
				ENABLE_PREVIEWS = YES;
				GENERATE_INFOPLIST_FILE = YES;
				INFOPLIST_KEY_UIApplicationSceneManifest_Generation = YES;
				INFOPLIST_KEY_UIApplicationSupportsIndirectInputEvents = YES;
				INFOPLIST_KEY_UILaunchScreen_Generation = YES;
				INFOPLIST_KEY_UISupportedInterfaceOrientations_iPad = "UIInterfaceOrientationPortrait UIInterfaceOrientationPortraitUpsideDown UIInterfaceOrientationLandscapeLeft UIInterfaceOrientationLandscapeRight";
				INFOPLIST_KEY_UISupportedInterfaceOrientations_iPhone = "UIInterfaceOrientationPortrait UIInterfaceOrientationLandscapeLeft UIInterfaceOrientationLandscapeRight";
				LD_RUNPATH_SEARCH_PATHS = (
					"$(inherited)",
					"@executable_path/Frameworks",
				);
				MARKETING_VERSION = 1.0;
				PRODUCT_BUNDLE_IDENTIFIER = Testing.HunchMeal;
				PRODUCT_NAME = "$(TARGET_NAME)";
				SWIFT_EMIT_LOC_STRINGS = YES;
				SWIFT_VERSION = 5.0;
				TARGETED_DEVICE_FAMILY = "1,2";
			};
			name = Debug;
		};
		15DB123029C9BF6100333F16 /* Release */ = {
			isa = XCBuildConfiguration;
			buildSettings = {
				ASSETCATALOG_COMPILER_APPICON_NAME = AppIcon;
				ASSETCATALOG_COMPILER_GLOBAL_ACCENT_COLOR_NAME = AccentColor;
				CODE_SIGN_STYLE = Automatic;
				CURRENT_PROJECT_VERSION = 1;
				DEVELOPMENT_ASSET_PATHS = "\"HunchMeal/Preview Content\"";
				DEVELOPMENT_TEAM = R4FBGZQ29P;
				ENABLE_PREVIEWS = YES;
				GENERATE_INFOPLIST_FILE = YES;
				INFOPLIST_KEY_UIApplicationSceneManifest_Generation = YES;
				INFOPLIST_KEY_UIApplicationSupportsIndirectInputEvents = YES;
				INFOPLIST_KEY_UILaunchScreen_Generation = YES;
				INFOPLIST_KEY_UISupportedInterfaceOrientations_iPad = "UIInterfaceOrientationPortrait UIInterfaceOrientationPortraitUpsideDown UIInterfaceOrientationLandscapeLeft UIInterfaceOrientationLandscapeRight";
				INFOPLIST_KEY_UISupportedInterfaceOrientations_iPhone = "UIInterfaceOrientationPortrait UIInterfaceOrientationLandscapeLeft UIInterfaceOrientationLandscapeRight";
				LD_RUNPATH_SEARCH_PATHS = (
					"$(inherited)",
					"@executable_path/Frameworks",
				);
				MARKETING_VERSION = 1.0;
				PRODUCT_BUNDLE_IDENTIFIER = Testing.HunchMeal;
				PRODUCT_NAME = "$(TARGET_NAME)";
				SWIFT_EMIT_LOC_STRINGS = YES;
				SWIFT_VERSION = 5.0;
				TARGETED_DEVICE_FAMILY = "1,2";
			};
			name = Release;
		};
		15DB123229C9BF6100333F16 /* Debug */ = {
			isa = XCBuildConfiguration;
			buildSettings = {
				ALWAYS_EMBED_SWIFT_STANDARD_LIBRARIES = YES;
				BUNDLE_LOADER = "$(TEST_HOST)";
				CODE_SIGN_STYLE = Automatic;
				CURRENT_PROJECT_VERSION = 1;
				DEVELOPMENT_TEAM = R4FBGZQ29P;
				GENERATE_INFOPLIST_FILE = YES;
				IPHONEOS_DEPLOYMENT_TARGET = 16.2;
				MARKETING_VERSION = 1.0;
				PRODUCT_BUNDLE_IDENTIFIER = Testing.HunchMealTests;
				PRODUCT_NAME = "$(TARGET_NAME)";
				SWIFT_EMIT_LOC_STRINGS = NO;
				SWIFT_VERSION = 5.0;
				TARGETED_DEVICE_FAMILY = "1,2";
				TEST_HOST = "$(BUILT_PRODUCTS_DIR)/HunchMeal.app/$(BUNDLE_EXECUTABLE_FOLDER_PATH)/HunchMeal";
			};
			name = Debug;
		};
		15DB123329C9BF6100333F16 /* Release */ = {
			isa = XCBuildConfiguration;
			buildSettings = {
				ALWAYS_EMBED_SWIFT_STANDARD_LIBRARIES = YES;
				BUNDLE_LOADER = "$(TEST_HOST)";
				CODE_SIGN_STYLE = Automatic;
				CURRENT_PROJECT_VERSION = 1;
				DEVELOPMENT_TEAM = R4FBGZQ29P;
				GENERATE_INFOPLIST_FILE = YES;
				IPHONEOS_DEPLOYMENT_TARGET = 16.2;
				MARKETING_VERSION = 1.0;
				PRODUCT_BUNDLE_IDENTIFIER = Testing.HunchMealTests;
				PRODUCT_NAME = "$(TARGET_NAME)";
				SWIFT_EMIT_LOC_STRINGS = NO;
				SWIFT_VERSION = 5.0;
				TARGETED_DEVICE_FAMILY = "1,2";
				TEST_HOST = "$(BUILT_PRODUCTS_DIR)/HunchMeal.app/$(BUNDLE_EXECUTABLE_FOLDER_PATH)/HunchMeal";
			};
			name = Release;
		};
		15DB123529C9BF6100333F16 /* Debug */ = {
			isa = XCBuildConfiguration;
			buildSettings = {
				ALWAYS_EMBED_SWIFT_STANDARD_LIBRARIES = YES;
				CODE_SIGN_STYLE = Automatic;
				CURRENT_PROJECT_VERSION = 1;
				DEVELOPMENT_TEAM = R4FBGZQ29P;
				GENERATE_INFOPLIST_FILE = YES;
				MARKETING_VERSION = 1.0;
				PRODUCT_BUNDLE_IDENTIFIER = Testing.HunchMealUITests;
				PRODUCT_NAME = "$(TARGET_NAME)";
				SWIFT_EMIT_LOC_STRINGS = NO;
				SWIFT_VERSION = 5.0;
				TARGETED_DEVICE_FAMILY = "1,2";
				TEST_TARGET_NAME = HunchMeal;
			};
			name = Debug;
		};
		15DB123629C9BF6100333F16 /* Release */ = {
			isa = XCBuildConfiguration;
			buildSettings = {
				ALWAYS_EMBED_SWIFT_STANDARD_LIBRARIES = YES;
				CODE_SIGN_STYLE = Automatic;
				CURRENT_PROJECT_VERSION = 1;
				DEVELOPMENT_TEAM = R4FBGZQ29P;
				GENERATE_INFOPLIST_FILE = YES;
				MARKETING_VERSION = 1.0;
				PRODUCT_BUNDLE_IDENTIFIER = Testing.HunchMealUITests;
				PRODUCT_NAME = "$(TARGET_NAME)";
				SWIFT_EMIT_LOC_STRINGS = NO;
				SWIFT_VERSION = 5.0;
				TARGETED_DEVICE_FAMILY = "1,2";
				TEST_TARGET_NAME = HunchMeal;
			};
			name = Release;
		};
/* End XCBuildConfiguration section */

/* Begin XCConfigurationList section */
		15DB120529C9BF6000333F16 /* Build configuration list for PBXProject "HunchMeal" */ = {
			isa = XCConfigurationList;
			buildConfigurations = (
				15DB122C29C9BF6100333F16 /* Debug */,
				15DB122D29C9BF6100333F16 /* Release */,
			);
			defaultConfigurationIsVisible = 0;
			defaultConfigurationName = Release;
		};
		15DB122E29C9BF6100333F16 /* Build configuration list for PBXNativeTarget "HunchMeal" */ = {
			isa = XCConfigurationList;
			buildConfigurations = (
				15DB122F29C9BF6100333F16 /* Debug */,
				15DB123029C9BF6100333F16 /* Release */,
			);
			defaultConfigurationIsVisible = 0;
			defaultConfigurationName = Release;
		};
		15DB123129C9BF6100333F16 /* Build configuration list for PBXNativeTarget "HunchMealTests" */ = {
			isa = XCConfigurationList;
			buildConfigurations = (
				15DB123229C9BF6100333F16 /* Debug */,
				15DB123329C9BF6100333F16 /* Release */,
			);
			defaultConfigurationIsVisible = 0;
			defaultConfigurationName = Release;
		};
		15DB123429C9BF6100333F16 /* Build configuration list for PBXNativeTarget "HunchMealUITests" */ = {
			isa = XCConfigurationList;
			buildConfigurations = (
				15DB123529C9BF6100333F16 /* Debug */,
				15DB123629C9BF6100333F16 /* Release */,
			);
			defaultConfigurationIsVisible = 0;
			defaultConfigurationName = Release;
		};
/* End XCConfigurationList section */
	};
	rootObject = 15DB120229C9BF6000333F16 /* Project object */;
}
